
Microsoft Visual Studio Solution File, Format Version 12.00
# Visual Studio Version 16
VisualStudioVersion = 16.0.33328.57
MinimumVisualStudioVersion = 10.0.40219.1
Project("{FAE04EC0-301F-11D3-BF4B-00C04F79EFBC}") = "HelloWorld_vs", "HelloWorld_vs.csproj", "{EC90F195-931D-4465-956F-4CCDBA363CF6}"
EndProject
Global
	GlobalSection(SolutionConfigurationPlatforms) = preSolution
		Debug|Any CPU = Debug|Any CPU
		Release|Any CPU = Release|Any CPU
	EndGlobalSection
	GlobalSection(ProjectConfigurationPlatforms) = postSolution
		{EC90F195-931D-4465-956F-4CCDBA363CF6}.Debug|Any CPU.ActiveCfg = Debug|Any CPU
		{EC90F195-931D-4465-956F-4CCDBA363CF6}.Debug|Any CPU.Build.0 = Debug|Any CPU
		{EC90F195-931D-4465-956F-4CCDBA363CF6}.Release|Any CPU.ActiveCfg = Release|Any CPU
		{EC90F195-931D-4465-956F-4CCDBA363CF6}.Release|Any CPU.Build.0 = Release|Any CPU
	EndGlobalSection
	GlobalSection(SolutionProperties) = preSolution
		HideSolutionNode = FALSE
	EndGlobalSection
	GlobalSection(ExtensibilityGlobals) = postSolution
		SolutionGuid = {4BBA3762-E907-4974-A82A-9D6A0479F448}
	EndGlobalSection
EndGlobal
